// !$*UTF8*$!
{
	archiveVersion = 1;
	classes = {
	};
	objectVersion = 50;
	objects = {

/* Begin PBXBuildFile section */
		C623969B26738566000AB98F /* FoodFuelsApp.swift in Sources */ = {isa = PBXBuildFile; fileRef = C623969A26738566000AB98F /* FoodFuelsApp.swift */; };
		C623969D26738566000AB98F /* TabBarView.swift in Sources */ = {isa = PBXBuildFile; fileRef = C623969C26738566000AB98F /* TabBarView.swift */; };
		C623969F26738568000AB98F /* Assets.xcassets in Resources */ = {isa = PBXBuildFile; fileRef = C623969E26738568000AB98F /* Assets.xcassets */; };
		C62396A226738568000AB98F /* Preview Assets.xcassets in Resources */ = {isa = PBXBuildFile; fileRef = C62396A126738568000AB98F /* Preview Assets.xcassets */; };
		C62396AD26738B4C000AB98F /* HomeView.swift in Sources */ = {isa = PBXBuildFile; fileRef = C62396AC26738B4C000AB98F /* HomeView.swift */; };
		C62396AF26738B61000AB98F /* StatisticsView.swift in Sources */ = {isa = PBXBuildFile; fileRef = C62396AE26738B61000AB98F /* StatisticsView.swift */; };
		C62396B126738B71000AB98F /* MessagesView.swift in Sources */ = {isa = PBXBuildFile; fileRef = C62396B026738B71000AB98F /* MessagesView.swift */; };
		C62396B326738B82000AB98F /* MealPlanView.swift in Sources */ = {isa = PBXBuildFile; fileRef = C62396B226738B82000AB98F /* MealPlanView.swift */; };
/* End PBXBuildFile section */

/* Begin PBXFileReference section */
		C623969726738566000AB98F /* FoodFuels.app */ = {isa = PBXFileReference; explicitFileType = wrapper.application; includeInIndex = 0; path = FoodFuels.app; sourceTree = BUILT_PRODUCTS_DIR; };
		C623969A26738566000AB98F /* FoodFuelsApp.swift */ = {isa = PBXFileReference; lastKnownFileType = sourcecode.swift; path = FoodFuelsApp.swift; sourceTree = "<group>"; };
		C623969C26738566000AB98F /* TabBarView.swift */ = {isa = PBXFileReference; lastKnownFileType = sourcecode.swift; path = TabBarView.swift; sourceTree = "<group>"; };
		C623969E26738568000AB98F /* Assets.xcassets */ = {isa = PBXFileReference; lastKnownFileType = folder.assetcatalog; path = Assets.xcassets; sourceTree = "<group>"; };
		C62396A126738568000AB98F /* Preview Assets.xcassets */ = {isa = PBXFileReference; lastKnownFileType = folder.assetcatalog; path = "Preview Assets.xcassets"; sourceTree = "<group>"; };
		C62396A326738568000AB98F /* Info.plist */ = {isa = PBXFileReference; lastKnownFileType = text.plist.xml; path = Info.plist; sourceTree = "<group>"; };
		C62396AC26738B4C000AB98F /* HomeView.swift */ = {isa = PBXFileReference; lastKnownFileType = sourcecode.swift; path = HomeView.swift; sourceTree = "<group>"; };
		C62396AE26738B61000AB98F /* StatisticsView.swift */ = {isa = PBXFileReference; lastKnownFileType = sourcecode.swift; path = StatisticsView.swift; sourceTree = "<group>"; };
		C62396B026738B71000AB98F /* MessagesView.swift */ = {isa = PBXFileReference; lastKnownFileType = sourcecode.swift; path = MessagesView.swift; sourceTree = "<group>"; };
		C62396B226738B82000AB98F /* MealPlanView.swift */ = {isa = PBXFileReference; lastKnownFileType = sourcecode.swift; path = MealPlanView.swift; sourceTree = "<group>"; };
/* End PBXFileReference section */

/* Begin PBXFrameworksBuildPhase section */
		C623969426738566000AB98F /* Frameworks */ = {
			isa = PBXFrameworksBuildPhase;
			buildActionMask = 2147483647;
			files = (
			);
			runOnlyForDeploymentPostprocessing = 0;
		};
/* End PBXFrameworksBuildPhase section */

/* Begin PBXGroup section */
		C623968E26738566000AB98F = {
			isa = PBXGroup;
			children = (
				C623969926738566000AB98F /* FoodFuels */,
				C623969826738566000AB98F /* Products */,
			);
			sourceTree = "<group>";
		};
		C623969826738566000AB98F /* Products */ = {
			isa = PBXGroup;
			children = (
				C623969726738566000AB98F /* FoodFuels.app */,
			);
			name = Products;
			sourceTree = "<group>";
		};
		C623969926738566000AB98F /* FoodFuels */ = {
			isa = PBXGroup;
			children = (
				C623969A26738566000AB98F /* FoodFuelsApp.swift */,
				C62396AB267385C0000AB98F /* View */,
				C62396A9267385B2000AB98F /* Model */,
				C62396AA267385B8000AB98F /* ViewModel */,
				C623969E26738568000AB98F /* Assets.xcassets */,
				C62396A326738568000AB98F /* Info.plist */,
				C62396A026738568000AB98F /* Preview Content */,
			);
			path = FoodFuels;
			sourceTree = "<group>";
		};
		C62396A026738568000AB98F /* Preview Content */ = {
			isa = PBXGroup;
			children = (
				C62396A126738568000AB98F /* Preview Assets.xcassets */,
			);
			path = "Preview Content";
			sourceTree = "<group>";
		};
		C62396A9267385B2000AB98F /* Model */ = {
			isa = PBXGroup;
			children = (
			);
			path = Model;
			sourceTree = "<group>";
		};
		C62396AA267385B8000AB98F /* ViewModel */ = {
			isa = PBXGroup;
			children = (
			);
			path = ViewModel;
			sourceTree = "<group>";
		};
		C62396AB267385C0000AB98F /* View */ = {
			isa = PBXGroup;
			children = (
				C623969C26738566000AB98F /* TabBarView.swift */,
				C62396AC26738B4C000AB98F /* HomeView.swift */,
				C62396AE26738B61000AB98F /* StatisticsView.swift */,
				C62396B026738B71000AB98F /* MessagesView.swift */,
				C62396B226738B82000AB98F /* MealPlanView.swift */,
			);
			path = View;
			sourceTree = "<group>";
		};
/* End PBXGroup section */

/* Begin PBXNativeTarget section */
		C623969626738566000AB98F /* FoodFuels */ = {
			isa = PBXNativeTarget;
			buildConfigurationList = C62396A626738568000AB98F /* Build configuration list for PBXNativeTarget "FoodFuels" */;
			buildPhases = (
				C623969326738566000AB98F /* Sources */,
				C623969426738566000AB98F /* Frameworks */,
				C623969526738566000AB98F /* Resources */,
			);
			buildRules = (
			);
			dependencies = (
			);
			name = FoodFuels;
			productName = FoodFuels;
			productReference = C623969726738566000AB98F /* FoodFuels.app */;
			productType = "com.apple.product-type.application";
		};
/* End PBXNativeTarget section */

/* Begin PBXProject section */
		C623968F26738566000AB98F /* Project object */ = {
			isa = PBXProject;
			attributes = {
				LastSwiftUpdateCheck = 1250;
				LastUpgradeCheck = 1250;
				TargetAttributes = {
					C623969626738566000AB98F = {
						CreatedOnToolsVersion = 12.5;
					};
				};
			};
			buildConfigurationList = C623969226738566000AB98F /* Build configuration list for PBXProject "FoodFuels" */;
			compatibilityVersion = "Xcode 9.3";
			developmentRegion = en;
			hasScannedForEncodings = 0;
			knownRegions = (
				en,
				Base,
			);
			mainGroup = C623968E26738566000AB98F;
			productRefGroup = C623969826738566000AB98F /* Products */;
			projectDirPath = "";
			projectRoot = "";
			targets = (
				C623969626738566000AB98F /* FoodFuels */,
			);
		};
/* End PBXProject section */

/* Begin PBXResourcesBuildPhase section */
		C623969526738566000AB98F /* Resources */ = {
			isa = PBXResourcesBuildPhase;
			buildActionMask = 2147483647;
			files = (
				C62396A226738568000AB98F /* Preview Assets.xcassets in Resources */,
				C623969F26738568000AB98F /* Assets.xcassets in Resources */,
			);
			runOnlyForDeploymentPostprocessing = 0;
		};
/* End PBXResourcesBuildPhase section */

/* Begin PBXSourcesBuildPhase section */
		C623969326738566000AB98F /* Sources */ = {
			isa = PBXSourcesBuildPhase;
			buildActionMask = 2147483647;
			files = (
				C62396B326738B82000AB98F /* MealPlanView.swift in Sources */,
				C62396B126738B71000AB98F /* MessagesView.swift in Sources */,
				C62396AD26738B4C000AB98F /* HomeView.swift in Sources */,
				C62396AF26738B61000AB98F /* StatisticsView.swift in Sources */,
				C623969D26738566000AB98F /* TabBarView.swift in Sources */,
				C623969B26738566000AB98F /* FoodFuelsApp.swift in Sources */,
			);
			runOnlyForDeploymentPostprocessing = 0;
		};
/* End PBXSourcesBuildPhase section */

/* Begin XCBuildConfiguration section */
		C62396A426738568000AB98F /* Debug */ = {
			isa = XCBuildConfiguration;
			buildSettings = {
				ALWAYS_SEARCH_USER_PATHS = NO;
				CLANG_ANALYZER_NONNULL = YES;
				CLANG_ANALYZER_NUMBER_OBJECT_CONVERSION = YES_AGGRESSIVE;
				CLANG_CXX_LANGUAGE_STANDARD = "gnu++14";
				CLANG_CXX_LIBRARY = "libc++";
				CLANG_ENABLE_MODULES = YES;
				CLANG_ENABLE_OBJC_ARC = YES;
				CLANG_ENABLE_OBJC_WEAK = YES;
				CLANG_WARN_BLOCK_CAPTURE_AUTORELEASING = YES;
				CLANG_WARN_BOOL_CONVERSION = YES;
				CLANG_WARN_COMMA = YES;
				CLANG_WARN_CONSTANT_CONVERSION = YES;
				CLANG_WARN_DEPRECATED_OBJC_IMPLEMENTATIONS = YES;
				CLANG_WARN_DIRECT_OBJC_ISA_USAGE = YES_ERROR;
				CLANG_WARN_DOCUMENTATION_COMMENTS = YES;
				CLANG_WARN_EMPTY_BODY = YES;
				CLANG_WARN_ENUM_CONVERSION = YES;
				CLANG_WARN_INFINITE_RECURSION = YES;
				CLANG_WARN_INT_CONVERSION = YES;
				CLANG_WARN_NON_LITERAL_NULL_CONVERSION = YES;
				CLANG_WARN_OBJC_IMPLICIT_RETAIN_SELF = YES;
				CLANG_WARN_OBJC_LITERAL_CONVERSION = YES;
				CLANG_WARN_OBJC_ROOT_CLASS = YES_ERROR;
				CLANG_WARN_QUOTED_INCLUDE_IN_FRAMEWORK_HEADER = YES;
				CLANG_WARN_RANGE_LOOP_ANALYSIS = YES;
				CLANG_WARN_STRICT_PROTOTYPES = YES;
				CLANG_WARN_SUSPICIOUS_MOVE = YES;
				CLANG_WARN_UNGUARDED_AVAILABILITY = YES_AGGRESSIVE;
				CLANG_WARN_UNREACHABLE_CODE = YES;
				CLANG_WARN__DUPLICATE_METHOD_MATCH = YES;
				COPY_PHASE_STRIP = NO;
				DEBUG_INFORMATION_FORMAT = dwarf;
				ENABLE_STRICT_OBJC_MSGSEND = YES;
				ENABLE_TESTABILITY = YES;
				GCC_C_LANGUAGE_STANDARD = gnu11;
				GCC_DYNAMIC_NO_PIC = NO;
				GCC_NO_COMMON_BLOCKS = YES;
				GCC_OPTIMIZATION_LEVEL = 0;
				GCC_PREPROCESSOR_DEFINITIONS = (
					"DEBUG=1",
					"$(inherited)",
				);
				GCC_WARN_64_TO_32_BIT_CONVERSION = YES;
				GCC_WARN_ABOUT_RETURN_TYPE = YES_ERROR;
				GCC_WARN_UNDECLARED_SELECTOR = YES;
				GCC_WARN_UNINITIALIZED_AUTOS = YES_AGGRESSIVE;
				GCC_WARN_UNUSED_FUNCTION = YES;
				GCC_WARN_UNUSED_VARIABLE = YES;
				IPHONEOS_DEPLOYMENT_TARGET = 14.5;
				MTL_ENABLE_DEBUG_INFO = INCLUDE_SOURCE;
				MTL_FAST_MATH = YES;
				ONLY_ACTIVE_ARCH = YES;
				SDKROOT = iphoneos;
				SWIFT_ACTIVE_COMPILATION_CONDITIONS = DEBUG;
				SWIFT_OPTIMIZATION_LEVEL = "-Onone";
			};
			name = Debug;
		};
		C62396A526738568000AB98F /* Release */ = {
			isa = XCBuildConfiguration;
			buildSettings = {
				ALWAYS_SEARCH_USER_PATHS = NO;
				CLANG_ANALYZER_NONNULL = YES;
				CLANG_ANALYZER_NUMBER_OBJECT_CONVERSION = YES_AGGRESSIVE;
				CLANG_CXX_LANGUAGE_STANDARD = "gnu++14";
				CLANG_CXX_LIBRARY = "libc++";
				CLANG_ENABLE_MODULES = YES;
				CLANG_ENABLE_OBJC_ARC = YES;
				CLANG_ENABLE_OBJC_WEAK = YES;
				CLANG_WARN_BLOCK_CAPTURE_AUTORELEASING = YES;
				CLANG_WARN_BOOL_CONVERSION = YES;
				CLANG_WARN_COMMA = YES;
				CLANG_WARN_CONSTANT_CONVERSION = YES;
				CLANG_WARN_DEPRECATED_OBJC_IMPLEMENTATIONS = YES;
				CLANG_WARN_DIRECT_OBJC_ISA_USAGE = YES_ERROR;
				CLANG_WARN_DOCUMENTATION_COMMENTS = YES;
				CLANG_WARN_EMPTY_BODY = YES;
				CLANG_WARN_ENUM_CONVERSION = YES;
				CLANG_WARN_INFINITE_RECURSION = YES;
				CLANG_WARN_INT_CONVERSION = YES;
				CLANG_WARN_NON_LITERAL_NULL_CONVERSION = YES;
				CLANG_WARN_OBJC_IMPLICIT_RETAIN_SELF = YES;
				CLANG_WARN_OBJC_LITERAL_CONVERSION = YES;
				CLANG_WARN_OBJC_ROOT_CLASS = YES_ERROR;
				CLANG_WARN_QUOTED_INCLUDE_IN_FRAMEWORK_HEADER = YES;
				CLANG_WARN_RANGE_LOOP_ANALYSIS = YES;
				CLANG_WARN_STRICT_PROTOTYPES = YES;
				CLANG_WARN_SUSPICIOUS_MOVE = YES;
				CLANG_WARN_UNGUARDED_AVAILABILITY = YES_AGGRESSIVE;
				CLANG_WARN_UNREACHABLE_CODE = YES;
				CLANG_WARN__DUPLICATE_METHOD_MATCH = YES;
				COPY_PHASE_STRIP = NO;
				DEBUG_INFORMATION_FORMAT = "dwarf-with-dsym";
				ENABLE_NS_ASSERTIONS = NO;
				ENABLE_STRICT_OBJC_MSGSEND = YES;
				GCC_C_LANGUAGE_STANDARD = gnu11;
				GCC_NO_COMMON_BLOCKS = YES;
				GCC_WARN_64_TO_32_BIT_CONVERSION = YES;
				GCC_WARN_ABOUT_RETURN_TYPE = YES_ERROR;
				GCC_WARN_UNDECLARED_SELECTOR = YES;
				GCC_WARN_UNINITIALIZED_AUTOS = YES_AGGRESSIVE;
				GCC_WARN_UNUSED_FUNCTION = YES;
				GCC_WARN_UNUSED_VARIABLE = YES;
				IPHONEOS_DEPLOYMENT_TARGET = 14.5;
				MTL_ENABLE_DEBUG_INFO = NO;
				MTL_FAST_MATH = YES;
				SDKROOT = iphoneos;
				SWIFT_COMPILATION_MODE = wholemodule;
				SWIFT_OPTIMIZATION_LEVEL = "-O";
				VALIDATE_PRODUCT = YES;
			};
			name = Release;
		};
		C62396A726738568000AB98F /* Debug */ = {
			isa = XCBuildConfiguration;
			buildSettings = {
				ASSETCATALOG_COMPILER_APPICON_NAME = AppIcon;
				ASSETCATALOG_COMPILER_GLOBAL_ACCENT_COLOR_NAME = AccentColor;
				CODE_SIGN_STYLE = Automatic;
				DEVELOPMENT_ASSET_PATHS = "\"FoodFuels/Preview Content\"";
				ENABLE_PREVIEWS = YES;
				INFOPLIST_FILE = FoodFuels/Info.plist;
				IPHONEOS_DEPLOYMENT_TARGET = 14.0;
				LD_RUNPATH_SEARCH_PATHS = (
					"$(inherited)",
					"@executable_path/Frameworks",
				);
				PRODUCT_BUNDLE_IDENTIFIER = KryvodubOleksandr.FoodFuels;
				PRODUCT_NAME = "$(TARGET_NAME)";
				SWIFT_VERSION = 5.0;
				TARGETED_DEVICE_FAMILY = 1;
			};
			name = Debug;
		};
		C62396A826738568000AB98F /* Release */ = {
			isa = XCBuildConfiguration;
			buildSettings = {
				ASSETCATALOG_COMPILER_APPICON_NAME = AppIcon;
				ASSETCATALOG_COMPILER_GLOBAL_ACCENT_COLOR_NAME = AccentColor;
				CODE_SIGN_STYLE = Automatic;
				DEVELOPMENT_ASSET_PATHS = "\"FoodFuels/Preview Content\"";
				ENABLE_PREVIEWS = YES;
				INFOPLIST_FILE = FoodFuels/Info.plist;
				IPHONEOS_DEPLOYMENT_TARGET = 14.0;
				LD_RUNPATH_SEARCH_PATHS = (
					"$(inherited)",
					"@executable_path/Frameworks",
				);
				PRODUCT_BUNDLE_IDENTIFIER = KryvodubOleksandr.FoodFuels;
				PRODUCT_NAME = "$(TARGET_NAME)";
				SWIFT_VERSION = 5.0;
				TARGETED_DEVICE_FAMILY = 1;
			};
			name = Release;
		};
/* End XCBuildConfiguration section */

/* Begin XCConfigurationList section */
		C623969226738566000AB98F /* Build configuration list for PBXProject "FoodFuels" */ = {
			isa = XCConfigurationList;
			buildConfigurations = (
				C62396A426738568000AB98F /* Debug */,
				C62396A526738568000AB98F /* Release */,
			);
			defaultConfigurationIsVisible = 0;
			defaultConfigurationName = Release;
		};
		C62396A626738568000AB98F /* Build configuration list for PBXNativeTarget "FoodFuels" */ = {
			isa = XCConfigurationList;
			buildConfigurations = (
				C62396A726738568000AB98F /* Debug */,
				C62396A826738568000AB98F /* Release */,
			);
			defaultConfigurationIsVisible = 0;
			defaultConfigurationName = Release;
		};
/* End XCConfigurationList section */
	};
	rootObject = C623968F26738566000AB98F /* Project object */;
}
